
Microsoft Visual Studio Solution File, Format Version 12.00
# Visual Studio Version 17
VisualStudioVersion = 17.11.35303.130
MinimumVisualStudioVersion = 10.0.40219.1
Project("{FAE04EC0-301F-11D3-BF4B-00C04F79EFBC}") = "WebApplication1", "WebApplication1.csproj", "{F20B4B34-7D1F-4454-AC2C-150E0E20406F}"
EndProject
Project("{2150E333-8FDC-42A3-9474-1A3956D46DE8}") = "Core", "Core", "{07605577-491C-4BFD-8389-52BDDB676F10}"
EndProject
Project("{FAE04EC0-301F-11D3-BF4B-00C04F79EFBC}") = "Domain", "..\Core\Domain\Domain.csproj", "{C0E23359-6ED9-4518-8513-EDF659CF2A80}"
EndProject
Project("{FAE04EC0-301F-11D3-BF4B-00C04F79EFBC}") = "Services", "..\Core\Services\Services.csproj", "{AE12A5F8-9F18-4262-BCDF-D879AD98C285}"
EndProject
Project("{FAE04EC0-301F-11D3-BF4B-00C04F79EFBC}") = "Services_Abstraction", "..\Core\Services_Abstraction\Services_Abstraction.csproj", "{B864108B-1D60-4898-B34B-43EFBED2A44F}"
EndProject
Project("{2150E333-8FDC-42A3-9474-1A3956D46DE8}") = "Infrastructure", "Infrastructure", "{1F655660-1E01-408B-82EC-81F6BB7680E6}"
EndProject
Project("{FAE04EC0-301F-11D3-BF4B-00C04F79EFBC}") = "Persistance", "..\Infrastructure\Persistance\Persistance.csproj", "{9F8F7F76-B16B-4EE6-8F9D-045F0E14E293}"
EndProject
Project("{FAE04EC0-301F-11D3-BF4B-00C04F79EFBC}") = "Presentation", "..\Infrastructure\Presentation\Presentation.csproj", "{535F18E7-931E-4B72-843E-C740183AB6E8}"
EndProject
Project("{FAE04EC0-301F-11D3-BF4B-00C04F79EFBC}") = "Shared", "..\Shared\Shared.csproj", "{35360AAA-E0F6-410A-A8CC-7EF24AFE8238}"
EndProject
Global
	GlobalSection(SolutionConfigurationPlatforms) = preSolution
		Debug|Any CPU = Debug|Any CPU
		Release|Any CPU = Release|Any CPU
	EndGlobalSection
	GlobalSection(ProjectConfigurationPlatforms) = postSolution
		{F20B4B34-7D1F-4454-AC2C-150E0E20406F}.Debug|Any CPU.ActiveCfg = Debug|Any CPU
		{F20B4B34-7D1F-4454-AC2C-150E0E20406F}.Debug|Any CPU.Build.0 = Debug|Any CPU
		{F20B4B34-7D1F-4454-AC2C-150E0E20406F}.Release|Any CPU.ActiveCfg = Release|Any CPU
		{F20B4B34-7D1F-4454-AC2C-150E0E20406F}.Release|Any CPU.Build.0 = Release|Any CPU
		{C0E23359-6ED9-4518-8513-EDF659CF2A80}.Debug|Any CPU.ActiveCfg = Debug|Any CPU
		{C0E23359-6ED9-4518-8513-EDF659CF2A80}.Debug|Any CPU.Build.0 = Debug|Any CPU
		{C0E23359-6ED9-4518-8513-EDF659CF2A80}.Release|Any CPU.ActiveCfg = Release|Any CPU
		{C0E23359-6ED9-4518-8513-EDF659CF2A80}.Release|Any CPU.Build.0 = Release|Any CPU
		{AE12A5F8-9F18-4262-BCDF-D879AD98C285}.Debug|Any CPU.ActiveCfg = Debug|Any CPU
		{AE12A5F8-9F18-4262-BCDF-D879AD98C285}.Debug|Any CPU.Build.0 = Debug|Any CPU
		{AE12A5F8-9F18-4262-BCDF-D879AD98C285}.Release|Any CPU.ActiveCfg = Release|Any CPU
		{AE12A5F8-9F18-4262-BCDF-D879AD98C285}.Release|Any CPU.Build.0 = Release|Any CPU
		{B864108B-1D60-4898-B34B-43EFBED2A44F}.Debug|Any CPU.ActiveCfg = Debug|Any CPU
		{B864108B-1D60-4898-B34B-43EFBED2A44F}.Debug|Any CPU.Build.0 = Debug|Any CPU
		{B864108B-1D60-4898-B34B-43EFBED2A44F}.Release|Any CPU.ActiveCfg = Release|Any CPU
		{B864108B-1D60-4898-B34B-43EFBED2A44F}.Release|Any CPU.Build.0 = Release|Any CPU
		{9F8F7F76-B16B-4EE6-8F9D-045F0E14E293}.Debug|Any CPU.ActiveCfg = Debug|Any CPU
		{9F8F7F76-B16B-4EE6-8F9D-045F0E14E293}.Debug|Any CPU.Build.0 = Debug|Any CPU
		{9F8F7F76-B16B-4EE6-8F9D-045F0E14E293}.Release|Any CPU.ActiveCfg = Release|Any CPU
		{9F8F7F76-B16B-4EE6-8F9D-045F0E14E293}.Release|Any CPU.Build.0 = Release|Any CPU
		{535F18E7-931E-4B72-843E-C740183AB6E8}.Debug|Any CPU.ActiveCfg = Debug|Any CPU
		{535F18E7-931E-4B72-843E-C740183AB6E8}.Debug|Any CPU.Build.0 = Debug|Any CPU
		{535F18E7-931E-4B72-843E-C740183AB6E8}.Release|Any CPU.ActiveCfg = Release|Any CPU
		{535F18E7-931E-4B72-843E-C740183AB6E8}.Release|Any CPU.Build.0 = Release|Any CPU
		{35360AAA-E0F6-410A-A8CC-7EF24AFE8238}.Debug|Any CPU.ActiveCfg = Debug|Any CPU
		{35360AAA-E0F6-410A-A8CC-7EF24AFE8238}.Debug|Any CPU.Build.0 = Debug|Any CPU
		{35360AAA-E0F6-410A-A8CC-7EF24AFE8238}.Release|Any CPU.ActiveCfg = Release|Any CPU
		{35360AAA-E0F6-410A-A8CC-7EF24AFE8238}.Release|Any CPU.Build.0 = Release|Any CPU
	EndGlobalSection
	GlobalSection(SolutionProperties) = preSolution
		HideSolutionNode = FALSE
	EndGlobalSection
	GlobalSection(NestedProjects) = preSolution
		{C0E23359-6ED9-4518-8513-EDF659CF2A80} = {07605577-491C-4BFD-8389-52BDDB676F10}
		{AE12A5F8-9F18-4262-BCDF-D879AD98C285} = {07605577-491C-4BFD-8389-52BDDB676F10}
		{B864108B-1D60-4898-B34B-43EFBED2A44F} = {07605577-491C-4BFD-8389-52BDDB676F10}
		{9F8F7F76-B16B-4EE6-8F9D-045F0E14E293} = {1F655660-1E01-408B-82EC-81F6BB7680E6}
		{535F18E7-931E-4B72-843E-C740183AB6E8} = {1F655660-1E01-408B-82EC-81F6BB7680E6}
	EndGlobalSection
	GlobalSection(ExtensibilityGlobals) = postSolution
		SolutionGuid = {4AE04E3D-4B16-450D-8C62-1892C74D5570}
	EndGlobalSection
EndGlobal
